<?xml version="1.0" encoding="utf-8"?>
<Project ToolsVersion="4.0" xmlns="http://schemas.microsoft.com/developer/msbuild/2003">
  <ItemGroup>
    <Filter Include="Common">
      <UniqueIdentifier>{93995380-89BD-4b04-88EB-625FBE52EBFB}</UniqueIdentifier>
      <Extensions>h;hh;hpp;hxx;hm;inl;inc;ipp;xsd</Extensions>
    </Filter>
    <Filter Include="Includes">
      <UniqueIdentifier>{4FC737F1-C7A5-4376-A066-2A32D752A2FF}</UniqueIdentifier>
      <Extensions>cpp;c;cc;cxx;def;odl;idl;hpj;bat;asm;asmx</Extensions>
    </Filter>
    <Filter Include="Cuda">
      <UniqueIdentifier>{67DA6AB6-F800-4c08-8B7A-83BB121AAD01}</UniqueIdentifier>
      <Extensions>rc;ico;cur;bmp;dlg;rc2;rct;bin;rgs;gif;jpg;jpeg;jpe;resx;tiff;tif;png;wav;mfcribbon-ms</Extensions>
    </Filter>
    <Filter Include="Includes\Math">
      <UniqueIdentifier>{52fe58ce-5467-4ff2-8475-9b1f34a548d3}</UniqueIdentifier>
    </Filter>
    <Filter Include="Resources">
      <UniqueIdentifier>{5c164fed-4ef0-4ec4-9be0-c0d53d2c4686}</UniqueIdentifier>
    </Filter>
  </ItemGroup>
  <ItemGroup>
    <ClInclude Include="common\camera.h">
      <Filter>Common</Filter>
    </ClInclude>
    <ClInclude Include="common\define.h">
      <Filter>Common</Filter>
    </ClInclude>
    <ClInclude Include="common\device.h">
      <Filter>Common</Filter>
    </ClInclude>
    <ClInclude Include="common\model.h">
      <Filter>Common</Filter>
    </ClInclude>
    <ClInclude Include="common\raster.h">
      <Filter>Common</Filter>
    </ClInclude>
    <ClInclude Include="common\shader.h">
      <Filter>Common</Filter>
    </ClInclude>
    <ClInclude Include="common\texture.h">
      <Filter>Common</Filter>
    </ClInclude>
    <ClInclude Include="includes\math\matrix.hpp">
      <Filter>Includes\Math</Filter>
    </ClInclude>
    <ClInclude Include="includes\math\vector.hpp">
      <Filter>Includes\Math</Filter>
    </ClInclude>
    <ClInclude Include="includes\color.hpp">
      <Filter>Includes</Filter>
    </ClInclude>
    <ClInclude Include="common\ray.h">
      <Filter>Common</Filter>
    </ClInclude>
    <ClInclude Include="common\render.h">
      <Filter>Common</Filter>
    </ClInclude>
  </ItemGroup>
  <ItemGroup>
    <None Include=".gitattributes" />
    <None Include=".gitignore" />
    <None Include="README.md" />
  </ItemGroup>
  <ItemGroup>
    <ClCompile Include="main.cpp" />
  </ItemGroup>
  <ItemGroup>
    <Image Include="resources\cube.png">
      <Filter>Resources</Filter>
    </Image>
    <Image Include="resources\water.png">
      <Filter>Resources</Filter>
    </Image>
  </ItemGroup>
  <ItemGroup>
    <CudaCompile Include="cuda\device.cu">
      <Filter>Cuda</Filter>
    </CudaCompile>
    <CudaCompile Include="cuda\raster.cu">
      <Filter>Cuda</Filter>
    </CudaCompile>
    <CudaCompile Include="cuda\shader.cu">
      <Filter>Cuda</Filter>
    </CudaCompile>
  </ItemGroup>
</Project>