
Microsoft Visual Studio Solution File, Format Version 12.00
# Visual Studio 15
VisualStudioVersion = 15.0.28307.106
MinimumVisualStudioVersion = 10.0.40219.1
Project("{8BC9CEB8-8B4A-11D0-8D11-00A0C91BC942}") = "Mixed-Renderer", "Mixed-Renderer.vcxproj", "{69A9D483-D156-4FF1-843A-D016345BE126}"
EndProject
Global
	GlobalSection(SolutionConfigurationPlatforms) = preSolution
		Debug|x64 = Debug|x64
		Release|x64 = Release|x64
	EndGlobalSection
	GlobalSection(ProjectConfigurationPlatforms) = postSolution
		{69A9D483-D156-4FF1-843A-D016345BE126}.Debug|x64.ActiveCfg = Debug|x64
		{69A9D483-D156-4FF1-843A-D016345BE126}.Debug|x64.Build.0 = Debug|x64
		{69A9D483-D156-4FF1-843A-D016345BE126}.Release|x64.ActiveCfg = Release|x64
		{69A9D483-D156-4FF1-843A-D016345BE126}.Release|x64.Build.0 = Release|x64
	EndGlobalSection
	GlobalSection(SolutionProperties) = preSolution
		HideSolutionNode = FALSE
	EndGlobalSection
	GlobalSection(ExtensibilityGlobals) = postSolution
		SolutionGuid = {98D3D369-B855-4404-AF39-74A2267C97D5}
	EndGlobalSection
EndGlobal
